
Microsoft Visual Studio Solution File, Format Version 12.00
# Visual Studio Version 17
VisualStudioVersion = 17.2.32630.192
MinimumVisualStudioVersion = 10.0.40219.1
Project("{9A19103F-16F7-4668-BE54-9A1E7A4F7556}") = "MatrixTrace", "MatrixTrace\MatrixTrace.csproj", "{C7FFF64E-68BE-43CF-B7F7-D58E82989325}"
EndProject
Project("{FAE04EC0-301F-11D3-BF4B-00C04F79EFBC}") = "MatrixTests", "MatrixTests\MatrixTests.csproj", "{12F466D3-805B-4D99-BD9B-AF28E01A667A}"
EndProject
Global
	GlobalSection(SolutionConfigurationPlatforms) = preSolution
		Debug|Any CPU = Debug|Any CPU
		Release|Any CPU = Release|Any CPU
	EndGlobalSection
	GlobalSection(ProjectConfigurationPlatforms) = postSolution
		{C7FFF64E-68BE-43CF-B7F7-D58E82989325}.Debug|Any CPU.ActiveCfg = Debug|Any CPU
		{C7FFF64E-68BE-43CF-B7F7-D58E82989325}.Debug|Any CPU.Build.0 = Debug|Any CPU
		{C7FFF64E-68BE-43CF-B7F7-D58E82989325}.Release|Any CPU.ActiveCfg = Release|Any CPU
		{C7FFF64E-68BE-43CF-B7F7-D58E82989325}.Release|Any CPU.Build.0 = Release|Any CPU
		{12F466D3-805B-4D99-BD9B-AF28E01A667A}.Debug|Any CPU.ActiveCfg = Debug|Any CPU
		{12F466D3-805B-4D99-BD9B-AF28E01A667A}.Debug|Any CPU.Build.0 = Debug|Any CPU
		{12F466D3-805B-4D99-BD9B-AF28E01A667A}.Release|Any CPU.ActiveCfg = Release|Any CPU
		{12F466D3-805B-4D99-BD9B-AF28E01A667A}.Release|Any CPU.Build.0 = Release|Any CPU
	EndGlobalSection
	GlobalSection(SolutionProperties) = preSolution
		HideSolutionNode = FALSE
	EndGlobalSection
	GlobalSection(ExtensibilityGlobals) = postSolution
		SolutionGuid = {CA24DADA-6F31-4430-9954-0BBF5420AF7D}
	EndGlobalSection
EndGlobal
