
Microsoft Visual Studio Solution File, Format Version 12.00
# Visual Studio Version 17
VisualStudioVersion = 17.2.32630.192
MinimumVisualStudioVersion = 10.0.40219.1
Project("{9A19103F-16F7-4668-BE54-9A1E7A4F7556}") = "GuessNumberImplementation", "GuessNumberImplementation\GuessNumberImplementation.csproj", "{1C08FD55-9E8B-4609-B770-1AD3A33364A0}"
EndProject
Project("{FAE04EC0-301F-11D3-BF4B-00C04F79EFBC}") = "GuessNumberImplementationTests", "GuessNumberImplementationTests\GuessNumberImplementationTests.csproj", "{28CEDD87-E623-4AEB-9507-0EF1186E0A82}"
EndProject
Global
	GlobalSection(SolutionConfigurationPlatforms) = preSolution
		Debug|Any CPU = Debug|Any CPU
		Release|Any CPU = Release|Any CPU
	EndGlobalSection
	GlobalSection(ProjectConfigurationPlatforms) = postSolution
		{1C08FD55-9E8B-4609-B770-1AD3A33364A0}.Debug|Any CPU.ActiveCfg = Debug|Any CPU
		{1C08FD55-9E8B-4609-B770-1AD3A33364A0}.Debug|Any CPU.Build.0 = Debug|Any CPU
		{1C08FD55-9E8B-4609-B770-1AD3A33364A0}.Release|Any CPU.ActiveCfg = Release|Any CPU
		{1C08FD55-9E8B-4609-B770-1AD3A33364A0}.Release|Any CPU.Build.0 = Release|Any CPU
		{28CEDD87-E623-4AEB-9507-0EF1186E0A82}.Debug|Any CPU.ActiveCfg = Debug|Any CPU
		{28CEDD87-E623-4AEB-9507-0EF1186E0A82}.Debug|Any CPU.Build.0 = Debug|Any CPU
		{28CEDD87-E623-4AEB-9507-0EF1186E0A82}.Release|Any CPU.ActiveCfg = Release|Any CPU
		{28CEDD87-E623-4AEB-9507-0EF1186E0A82}.Release|Any CPU.Build.0 = Release|Any CPU
	EndGlobalSection
	GlobalSection(SolutionProperties) = preSolution
		HideSolutionNode = FALSE
	EndGlobalSection
	GlobalSection(ExtensibilityGlobals) = postSolution
		SolutionGuid = {714268EA-3D96-4D68-99BD-44CDBC8E8CB3}
	EndGlobalSection
EndGlobal
